PODS:
  - OAuthSwift (0.5.0)
  - SDWebImage (3.7.5):
    - SDWebImage/Core (= 3.7.5)
  - SDWebImage/Core (3.7.5)

DEPENDENCIES:
  - OAuthSwift (~> 0.5.0)
  - SDWebImage (~> 3.7)

SPEC CHECKSUMS:
  OAuthSwift: f2e0de083739da5697be095c9af2671242a4ed8b
  SDWebImage: 69c6303e3348fba97e03f65d65d4fbc26740f461

PODFILE CHECKSUM: afe6f5c94079c4fd78031113f30672c3e25ef4a0

COCOAPODS: 1.0.0.beta.2
