// !$*UTF8*$!
{
	archiveVersion = 1;
	classes = {
	};
	objectVersion = 46;
	objects = {

/* Begin PBXBuildFile section */
		11F9D3407AF4AE8E94941FEF /* Pods_TwitterApp.framework in Frameworks */ = {isa = PBXBuildFile; fileRef = 96A0C633E4E0B29F08399A32 /* Pods_TwitterApp.framework */; };
		36EBC14B22E2B04B641199D8 /* UserParser.swift in Sources */ = {isa = PBXBuildFile; fileRef = 36EBCD0BE9B8D0C094261506 /* UserParser.swift */; };
		36EBC7E3A4DACC47B2290793 /* Indices.swift in Sources */ = {isa = PBXBuildFile; fileRef = 36EBC95815585CD747756DF1 /* Indices.swift */; };
		36EBC93E9BD69526E3B2A517 /* EntityParser.swift in Sources */ = {isa = PBXBuildFile; fileRef = 36EBCC8100FD4F6DA4F441E1 /* EntityParser.swift */; };
		CE50BFE71C5B8689009DE62B /* TwitterParser.swift in Sources */ = {isa = PBXBuildFile; fileRef = CE50BFE61C5B8689009DE62B /* TwitterParser.swift */; };
		CE5DDAB81C68E31000A92BAC /* Symbol+CoreDataProperties.swift in Sources */ = {isa = PBXBuildFile; fileRef = CE5DDAA71C68E31000A92BAC /* Symbol+CoreDataProperties.swift */; };
		CE5DDAB91C68E31000A92BAC /* Symbol.swift in Sources */ = {isa = PBXBuildFile; fileRef = CE5DDAA81C68E31000A92BAC /* Symbol.swift */; };
		CE5DDABA1C68E31000A92BAC /* ExtendedEntity+CoreDataProperties.swift in Sources */ = {isa = PBXBuildFile; fileRef = CE5DDAA91C68E31000A92BAC /* ExtendedEntity+CoreDataProperties.swift */; };
		CE5DDABB1C68E31000A92BAC /* ExtendedEntity.swift in Sources */ = {isa = PBXBuildFile; fileRef = CE5DDAAA1C68E31000A92BAC /* ExtendedEntity.swift */; };
		CE5DDABC1C68E31000A92BAC /* User+CoreDataProperties.swift in Sources */ = {isa = PBXBuildFile; fileRef = CE5DDAAB1C68E31000A92BAC /* User+CoreDataProperties.swift */; };
		CE5DDABD1C68E31000A92BAC /* User.swift in Sources */ = {isa = PBXBuildFile; fileRef = CE5DDAAC1C68E31000A92BAC /* User.swift */; };
		CE5DDABE1C68E31000A92BAC /* UserMention+CoreDataProperties.swift in Sources */ = {isa = PBXBuildFile; fileRef = CE5DDAAD1C68E31000A92BAC /* UserMention+CoreDataProperties.swift */; };
		CE5DDABF1C68E31000A92BAC /* UserMention.swift in Sources */ = {isa = PBXBuildFile; fileRef = CE5DDAAE1C68E31000A92BAC /* UserMention.swift */; };
		CE5DDAC01C68E31000A92BAC /* Entity+CoreDataProperties.swift in Sources */ = {isa = PBXBuildFile; fileRef = CE5DDAAF1C68E31000A92BAC /* Entity+CoreDataProperties.swift */; };
		CE5DDAC11C68E31000A92BAC /* Entity.swift in Sources */ = {isa = PBXBuildFile; fileRef = CE5DDAB01C68E31000A92BAC /* Entity.swift */; };
		CE5DDAC21C68E31000A92BAC /* Tweet+CoreDataProperties.swift in Sources */ = {isa = PBXBuildFile; fileRef = CE5DDAB11C68E31000A92BAC /* Tweet+CoreDataProperties.swift */; };
		CE5DDAC31C68E31000A92BAC /* Media+CoreDataProperties.swift in Sources */ = {isa = PBXBuildFile; fileRef = CE5DDAB21C68E31000A92BAC /* Media+CoreDataProperties.swift */; };
		CE5DDAC41C68E31000A92BAC /* Media.swift in Sources */ = {isa = PBXBuildFile; fileRef = CE5DDAB31C68E31000A92BAC /* Media.swift */; };
		CE5DDAC51C68E31000A92BAC /* Hashtag+CoreDataProperties.swift in Sources */ = {isa = PBXBuildFile; fileRef = CE5DDAB41C68E31000A92BAC /* Hashtag+CoreDataProperties.swift */; };
		CE5DDAC61C68E31000A92BAC /* Hashtag.swift in Sources */ = {isa = PBXBuildFile; fileRef = CE5DDAB51C68E31000A92BAC /* Hashtag.swift */; };
		CE5DDAC71C68E31000A92BAC /* Url+CoreDataProperties.swift in Sources */ = {isa = PBXBuildFile; fileRef = CE5DDAB61C68E31000A92BAC /* Url+CoreDataProperties.swift */; };
		CE5DDAC81C68E31000A92BAC /* Url.swift in Sources */ = {isa = PBXBuildFile; fileRef = CE5DDAB71C68E31000A92BAC /* Url.swift */; };
		CE7249BB1C591065005AA2E1 /* LoginService.swift in Sources */ = {isa = PBXBuildFile; fileRef = CE7249BA1C591065005AA2E1 /* LoginService.swift */; };
		CE7249D81C5A19AA005AA2E1 /* NetworkService.swift in Sources */ = {isa = PBXBuildFile; fileRef = CE7249D71C5A19AA005AA2E1 /* NetworkService.swift */; };
		CE7850841C5A809C00448E5A /* Tweet.swift in Sources */ = {isa = PBXBuildFile; fileRef = CE7850831C5A809C00448E5A /* Tweet.swift */; };
		CEB921A01C61F0D80060E619 /* ReplaceSegue.swift in Sources */ = {isa = PBXBuildFile; fileRef = CEB9219F1C61F0D80060E619 /* ReplaceSegue.swift */; };
		CEC7CF491C58FC1300B66BCD /* AppDelegate.swift in Sources */ = {isa = PBXBuildFile; fileRef = CEC7CF481C58FC1300B66BCD /* AppDelegate.swift */; };
		CEC7CF4B1C58FC1300B66BCD /* LoginViewController.swift in Sources */ = {isa = PBXBuildFile; fileRef = CEC7CF4A1C58FC1300B66BCD /* LoginViewController.swift */; };
		CEC7CF4E1C58FC1300B66BCD /* Main.storyboard in Resources */ = {isa = PBXBuildFile; fileRef = CEC7CF4C1C58FC1300B66BCD /* Main.storyboard */; };
		CEC7CF511C58FC1300B66BCD /* TwitterApp.xcdatamodeld in Sources */ = {isa = PBXBuildFile; fileRef = CEC7CF4F1C58FC1300B66BCD /* TwitterApp.xcdatamodeld */; };
		CEC7CF531C58FC1300B66BCD /* Assets.xcassets in Resources */ = {isa = PBXBuildFile; fileRef = CEC7CF521C58FC1300B66BCD /* Assets.xcassets */; };
		CEC7CF561C58FC1300B66BCD /* LaunchScreen.storyboard in Resources */ = {isa = PBXBuildFile; fileRef = CEC7CF541C58FC1300B66BCD /* LaunchScreen.storyboard */; };
		CEC7CF611C58FC1400B66BCD /* TwitterAppTests.swift in Sources */ = {isa = PBXBuildFile; fileRef = CEC7CF601C58FC1400B66BCD /* TwitterAppTests.swift */; };
		CEC7CF6C1C58FC1400B66BCD /* TwitterAppUITests.swift in Sources */ = {isa = PBXBuildFile; fileRef = CEC7CF6B1C58FC1400B66BCD /* TwitterAppUITests.swift */; };
		CEC89C5A1C5A5BE100B1C986 /* TweetCell.swift in Sources */ = {isa = PBXBuildFile; fileRef = CEC89C591C5A5BE100B1C986 /* TweetCell.swift */; };
		CEC89C5C1C5A5DAD00B1C986 /* HomeTableViewController.swift in Sources */ = {isa = PBXBuildFile; fileRef = CEC89C5B1C5A5DAD00B1C986 /* HomeTableViewController.swift */; };
/* End PBXBuildFile section */

/* Begin PBXContainerItemProxy section */
		CEC7CF5D1C58FC1400B66BCD /* PBXContainerItemProxy */ = {
			isa = PBXContainerItemProxy;
			containerPortal = CEC7CF3D1C58FC1300B66BCD /* Project object */;
			proxyType = 1;
			remoteGlobalIDString = CEC7CF441C58FC1300B66BCD;
			remoteInfo = TwitterApp;
		};
		CEC7CF681C58FC1400B66BCD /* PBXContainerItemProxy */ = {
			isa = PBXContainerItemProxy;
			containerPortal = CEC7CF3D1C58FC1300B66BCD /* Project object */;
			proxyType = 1;
			remoteGlobalIDString = CEC7CF441C58FC1300B66BCD;
			remoteInfo = TwitterApp;
		};
/* End PBXContainerItemProxy section */

/* Begin PBXFileReference section */
		36EBC95815585CD747756DF1 /* Indices.swift */ = {isa = PBXFileReference; fileEncoding = 4; lastKnownFileType = sourcecode.swift; path = Indices.swift; sourceTree = "<group>"; };
		36EBCC8100FD4F6DA4F441E1 /* EntityParser.swift */ = {isa = PBXFileReference; fileEncoding = 4; lastKnownFileType = sourcecode.swift; path = EntityParser.swift; sourceTree = "<group>"; };
		36EBCD0BE9B8D0C094261506 /* UserParser.swift */ = {isa = PBXFileReference; fileEncoding = 4; lastKnownFileType = sourcecode.swift; path = UserParser.swift; sourceTree = "<group>"; };
		96A0C633E4E0B29F08399A32 /* Pods_TwitterApp.framework */ = {isa = PBXFileReference; explicitFileType = wrapper.framework; includeInIndex = 0; path = Pods_TwitterApp.framework; sourceTree = BUILT_PRODUCTS_DIR; };
		B4211BD14001D4B39953986A /* Pods-TwitterApp.debug.xcconfig */ = {isa = PBXFileReference; includeInIndex = 1; lastKnownFileType = text.xcconfig; name = "Pods-TwitterApp.debug.xcconfig"; path = "Pods/Target Support Files/Pods-TwitterApp/Pods-TwitterApp.debug.xcconfig"; sourceTree = "<group>"; };
		B5E0169DD325CA36D9058219 /* Pods-TwitterApp.release.xcconfig */ = {isa = PBXFileReference; includeInIndex = 1; lastKnownFileType = text.xcconfig; name = "Pods-TwitterApp.release.xcconfig"; path = "Pods/Target Support Files/Pods-TwitterApp/Pods-TwitterApp.release.xcconfig"; sourceTree = "<group>"; };
		CE50BFE61C5B8689009DE62B /* TwitterParser.swift */ = {isa = PBXFileReference; fileEncoding = 4; lastKnownFileType = sourcecode.swift; path = TwitterParser.swift; sourceTree = "<group>"; };
		CE5DDAA71C68E31000A92BAC /* Symbol+CoreDataProperties.swift */ = {isa = PBXFileReference; fileEncoding = 4; lastKnownFileType = sourcecode.swift; path = "Symbol+CoreDataProperties.swift"; sourceTree = "<group>"; };
		CE5DDAA81C68E31000A92BAC /* Symbol.swift */ = {isa = PBXFileReference; fileEncoding = 4; lastKnownFileType = sourcecode.swift; path = Symbol.swift; sourceTree = "<group>"; };
		CE5DDAA91C68E31000A92BAC /* ExtendedEntity+CoreDataProperties.swift */ = {isa = PBXFileReference; fileEncoding = 4; lastKnownFileType = sourcecode.swift; path = "ExtendedEntity+CoreDataProperties.swift"; sourceTree = "<group>"; };
		CE5DDAAA1C68E31000A92BAC /* ExtendedEntity.swift */ = {isa = PBXFileReference; fileEncoding = 4; lastKnownFileType = sourcecode.swift; path = ExtendedEntity.swift; sourceTree = "<group>"; };
		CE5DDAAB1C68E31000A92BAC /* User+CoreDataProperties.swift */ = {isa = PBXFileReference; fileEncoding = 4; lastKnownFileType = sourcecode.swift; path = "User+CoreDataProperties.swift"; sourceTree = "<group>"; };
		CE5DDAAC1C68E31000A92BAC /* User.swift */ = {isa = PBXFileReference; fileEncoding = 4; lastKnownFileType = sourcecode.swift; path = User.swift; sourceTree = "<group>"; };
		CE5DDAAD1C68E31000A92BAC /* UserMention+CoreDataProperties.swift */ = {isa = PBXFileReference; fileEncoding = 4; lastKnownFileType = sourcecode.swift; path = "UserMention+CoreDataProperties.swift"; sourceTree = "<group>"; };
		CE5DDAAE1C68E31000A92BAC /* UserMention.swift */ = {isa = PBXFileReference; fileEncoding = 4; lastKnownFileType = sourcecode.swift; path = UserMention.swift; sourceTree = "<group>"; };
		CE5DDAAF1C68E31000A92BAC /* Entity+CoreDataProperties.swift */ = {isa = PBXFileReference; fileEncoding = 4; lastKnownFileType = sourcecode.swift; path = "Entity+CoreDataProperties.swift"; sourceTree = "<group>"; };
		CE5DDAB01C68E31000A92BAC /* Entity.swift */ = {isa = PBXFileReference; fileEncoding = 4; lastKnownFileType = sourcecode.swift; path = Entity.swift; sourceTree = "<group>"; };
		CE5DDAB11C68E31000A92BAC /* Tweet+CoreDataProperties.swift */ = {isa = PBXFileReference; fileEncoding = 4; lastKnownFileType = sourcecode.swift; path = "Tweet+CoreDataProperties.swift"; sourceTree = "<group>"; };
		CE5DDAB21C68E31000A92BAC /* Media+CoreDataProperties.swift */ = {isa = PBXFileReference; fileEncoding = 4; lastKnownFileType = sourcecode.swift; path = "Media+CoreDataProperties.swift"; sourceTree = "<group>"; };
		CE5DDAB31C68E31000A92BAC /* Media.swift */ = {isa = PBXFileReference; fileEncoding = 4; lastKnownFileType = sourcecode.swift; path = Media.swift; sourceTree = "<group>"; };
		CE5DDAB41C68E31000A92BAC /* Hashtag+CoreDataProperties.swift */ = {isa = PBXFileReference; fileEncoding = 4; lastKnownFileType = sourcecode.swift; path = "Hashtag+CoreDataProperties.swift"; sourceTree = "<group>"; };
		CE5DDAB51C68E31000A92BAC /* Hashtag.swift */ = {isa = PBXFileReference; fileEncoding = 4; lastKnownFileType = sourcecode.swift; path = Hashtag.swift; sourceTree = "<group>"; };
		CE5DDAB61C68E31000A92BAC /* Url+CoreDataProperties.swift */ = {isa = PBXFileReference; fileEncoding = 4; lastKnownFileType = sourcecode.swift; path = "Url+CoreDataProperties.swift"; sourceTree = "<group>"; };
		CE5DDAB71C68E31000A92BAC /* Url.swift */ = {isa = PBXFileReference; fileEncoding = 4; lastKnownFileType = sourcecode.swift; path = Url.swift; sourceTree = "<group>"; };
		CE7249BA1C591065005AA2E1 /* LoginService.swift */ = {isa = PBXFileReference; fileEncoding = 4; lastKnownFileType = sourcecode.swift; name = LoginService.swift; path = TwitterApp/LoginService.swift; sourceTree = "<group>"; };
		CE7249D71C5A19AA005AA2E1 /* NetworkService.swift */ = {isa = PBXFileReference; fileEncoding = 4; lastKnownFileType = sourcecode.swift; name = NetworkService.swift; path = TwitterApp/NetworkService.swift; sourceTree = "<group>"; };
		CE7850831C5A809C00448E5A /* Tweet.swift */ = {isa = PBXFileReference; fileEncoding = 4; lastKnownFileType = sourcecode.swift; path = Tweet.swift; sourceTree = "<group>"; };
		CEB9219F1C61F0D80060E619 /* ReplaceSegue.swift */ = {isa = PBXFileReference; fileEncoding = 4; lastKnownFileType = sourcecode.swift; path = ReplaceSegue.swift; sourceTree = "<group>"; };
		CEC7CF451C58FC1300B66BCD /* TwitterApp.app */ = {isa = PBXFileReference; explicitFileType = wrapper.application; includeInIndex = 0; path = TwitterApp.app; sourceTree = BUILT_PRODUCTS_DIR; };
		CEC7CF481C58FC1300B66BCD /* AppDelegate.swift */ = {isa = PBXFileReference; lastKnownFileType = sourcecode.swift; path = AppDelegate.swift; sourceTree = "<group>"; };
		CEC7CF4A1C58FC1300B66BCD /* LoginViewController.swift */ = {isa = PBXFileReference; lastKnownFileType = sourcecode.swift; path = LoginViewController.swift; sourceTree = "<group>"; };
		CEC7CF4D1C58FC1300B66BCD /* Base */ = {isa = PBXFileReference; lastKnownFileType = file.storyboard; name = Base; path = Base.lproj/Main.storyboard; sourceTree = "<group>"; };
		CEC7CF501C58FC1300B66BCD /* TwitterApp.xcdatamodel */ = {isa = PBXFileReference; lastKnownFileType = wrapper.xcdatamodel; path = TwitterApp.xcdatamodel; sourceTree = "<group>"; };
		CEC7CF521C58FC1300B66BCD /* Assets.xcassets */ = {isa = PBXFileReference; lastKnownFileType = folder.assetcatalog; path = Assets.xcassets; sourceTree = "<group>"; };
		CEC7CF551C58FC1300B66BCD /* Base */ = {isa = PBXFileReference; lastKnownFileType = file.storyboard; name = Base; path = Base.lproj/LaunchScreen.storyboard; sourceTree = "<group>"; };
		CEC7CF571C58FC1300B66BCD /* Info.plist */ = {isa = PBXFileReference; lastKnownFileType = text.plist.xml; path = Info.plist; sourceTree = "<group>"; };
		CEC7CF5C1C58FC1400B66BCD /* TwitterAppTests.xctest */ = {isa = PBXFileReference; explicitFileType = wrapper.cfbundle; includeInIndex = 0; path = TwitterAppTests.xctest; sourceTree = BUILT_PRODUCTS_DIR; };
		CEC7CF601C58FC1400B66BCD /* TwitterAppTests.swift */ = {isa = PBXFileReference; lastKnownFileType = sourcecode.swift; path = TwitterAppTests.swift; sourceTree = "<group>"; };
		CEC7CF621C58FC1400B66BCD /* Info.plist */ = {isa = PBXFileReference; lastKnownFileType = text.plist.xml; path = Info.plist; sourceTree = "<group>"; };
		CEC7CF671C58FC1400B66BCD /* TwitterAppUITests.xctest */ = {isa = PBXFileReference; explicitFileType = wrapper.cfbundle; includeInIndex = 0; path = TwitterAppUITests.xctest; sourceTree = BUILT_PRODUCTS_DIR; };
		CEC7CF6B1C58FC1400B66BCD /* TwitterAppUITests.swift */ = {isa = PBXFileReference; lastKnownFileType = sourcecode.swift; path = TwitterAppUITests.swift; sourceTree = "<group>"; };
		CEC7CF6D1C58FC1400B66BCD /* Info.plist */ = {isa = PBXFileReference; lastKnownFileType = text.plist.xml; path = Info.plist; sourceTree = "<group>"; };
		CEC89C591C5A5BE100B1C986 /* TweetCell.swift */ = {isa = PBXFileReference; fileEncoding = 4; lastKnownFileType = sourcecode.swift; path = TweetCell.swift; sourceTree = "<group>"; };
		CEC89C5B1C5A5DAD00B1C986 /* HomeTableViewController.swift */ = {isa = PBXFileReference; fileEncoding = 4; lastKnownFileType = sourcecode.swift; path = HomeTableViewController.swift; sourceTree = "<group>"; };
/* End PBXFileReference section */

/* Begin PBXFrameworksBuildPhase section */
		CEC7CF421C58FC1300B66BCD /* Frameworks */ = {
			isa = PBXFrameworksBuildPhase;
			buildActionMask = 2147483647;
			files = (
				11F9D3407AF4AE8E94941FEF /* Pods_TwitterApp.framework in Frameworks */,
			);
			runOnlyForDeploymentPostprocessing = 0;
		};
		CEC7CF591C58FC1400B66BCD /* Frameworks */ = {
			isa = PBXFrameworksBuildPhase;
			buildActionMask = 2147483647;
			files = (
			);
			runOnlyForDeploymentPostprocessing = 0;
		};
		CEC7CF641C58FC1400B66BCD /* Frameworks */ = {
			isa = PBXFrameworksBuildPhase;
			buildActionMask = 2147483647;
			files = (
			);
			runOnlyForDeploymentPostprocessing = 0;
		};
/* End PBXFrameworksBuildPhase section */

/* Begin PBXGroup section */
		792665775EAC1F1A2691F4E5 /* Frameworks */ = {
			isa = PBXGroup;
			children = (
				96A0C633E4E0B29F08399A32 /* Pods_TwitterApp.framework */,
			);
			name = Frameworks;
			sourceTree = "<group>";
		};
		A16499F4B4EBF8DE8354BB9D /* Pods */ = {
			isa = PBXGroup;
			children = (
				B4211BD14001D4B39953986A /* Pods-TwitterApp.debug.xcconfig */,
				B5E0169DD325CA36D9058219 /* Pods-TwitterApp.release.xcconfig */,
			);
			name = Pods;
			sourceTree = "<group>";
		};
		CE5DDAA61C68E2E600A92BAC /* DataModel */ = {
			isa = PBXGroup;
			children = (
				CE5DDAA71C68E31000A92BAC /* Symbol+CoreDataProperties.swift */,
				CE5DDAA81C68E31000A92BAC /* Symbol.swift */,
				CE5DDAA91C68E31000A92BAC /* ExtendedEntity+CoreDataProperties.swift */,
				CE5DDAAA1C68E31000A92BAC /* ExtendedEntity.swift */,
				CE5DDAAB1C68E31000A92BAC /* User+CoreDataProperties.swift */,
				CE5DDAAC1C68E31000A92BAC /* User.swift */,
				CE5DDAAD1C68E31000A92BAC /* UserMention+CoreDataProperties.swift */,
				CE5DDAAE1C68E31000A92BAC /* UserMention.swift */,
				CE5DDAAF1C68E31000A92BAC /* Entity+CoreDataProperties.swift */,
				CE5DDAB01C68E31000A92BAC /* Entity.swift */,
				CE5DDAB11C68E31000A92BAC /* Tweet+CoreDataProperties.swift */,
				CE7850831C5A809C00448E5A /* Tweet.swift */,
				CE5DDAB21C68E31000A92BAC /* Media+CoreDataProperties.swift */,
				CE5DDAB31C68E31000A92BAC /* Media.swift */,
				CE5DDAB41C68E31000A92BAC /* Hashtag+CoreDataProperties.swift */,
				CE5DDAB51C68E31000A92BAC /* Hashtag.swift */,
				CE5DDAB61C68E31000A92BAC /* Url+CoreDataProperties.swift */,
				CE5DDAB71C68E31000A92BAC /* Url.swift */,
				36EBC95815585CD747756DF1 /* Indices.swift */,
			);
			name = DataModel;
			sourceTree = "<group>";
		};
		CEB921A11C61F9590060E619 /* ViewControllers */ = {
			isa = PBXGroup;
			children = (
				CEC89C5B1C5A5DAD00B1C986 /* HomeTableViewController.swift */,
				CEC7CF4A1C58FC1300B66BCD /* LoginViewController.swift */,
			);
			name = ViewControllers;
			sourceTree = "<group>";
		};
		CEB921A21C61F9A50060E619 /* Components */ = {
			isa = PBXGroup;
			children = (
				CEB9219F1C61F0D80060E619 /* ReplaceSegue.swift */,
				CEC89C591C5A5BE100B1C986 /* TweetCell.swift */,
			);
			name = Components;
			sourceTree = "<group>";
		};
		CEB921A31C61F9DF0060E619 /* Services */ = {
			isa = PBXGroup;
			children = (
				CE7249BA1C591065005AA2E1 /* LoginService.swift */,
				CE7249D71C5A19AA005AA2E1 /* NetworkService.swift */,
			);
			name = Services;
			path = ..;
			sourceTree = "<group>";
		};
		CEB921A41C61F9F40060E619 /* DataParser */ = {
			isa = PBXGroup;
			children = (
				CE50BFE61C5B8689009DE62B /* TwitterParser.swift */,
				36EBCD0BE9B8D0C094261506 /* UserParser.swift */,
				36EBCC8100FD4F6DA4F441E1 /* EntityParser.swift */,
			);
			name = DataParser;
			sourceTree = "<group>";
		};
		CEC7CF3C1C58FC1300B66BCD = {
			isa = PBXGroup;
			children = (
				CEC7CF471C58FC1300B66BCD /* TwitterApp */,
				CEC7CF5F1C58FC1400B66BCD /* TwitterAppTests */,
				CEC7CF6A1C58FC1400B66BCD /* TwitterAppUITests */,
				CEC7CF461C58FC1300B66BCD /* Products */,
				A16499F4B4EBF8DE8354BB9D /* Pods */,
				792665775EAC1F1A2691F4E5 /* Frameworks */,
			);
			sourceTree = "<group>";
		};
		CEC7CF461C58FC1300B66BCD /* Products */ = {
			isa = PBXGroup;
			children = (
				CEC7CF451C58FC1300B66BCD /* TwitterApp.app */,
				CEC7CF5C1C58FC1400B66BCD /* TwitterAppTests.xctest */,
				CEC7CF671C58FC1400B66BCD /* TwitterAppUITests.xctest */,
			);
			name = Products;
			sourceTree = "<group>";
		};
		CEC7CF471C58FC1300B66BCD /* TwitterApp */ = {
			isa = PBXGroup;
			children = (
				CE5DDAA61C68E2E600A92BAC /* DataModel */,
				CEB921A41C61F9F40060E619 /* DataParser */,
				CEB921A31C61F9DF0060E619 /* Services */,
				CEB921A21C61F9A50060E619 /* Components */,
				CEB921A11C61F9590060E619 /* ViewControllers */,
				CEC7CF481C58FC1300B66BCD /* AppDelegate.swift */,
				CEC7CF4C1C58FC1300B66BCD /* Main.storyboard */,
				CEC7CF521C58FC1300B66BCD /* Assets.xcassets */,
				CEC7CF541C58FC1300B66BCD /* LaunchScreen.storyboard */,
				CEC7CF571C58FC1300B66BCD /* Info.plist */,
				CEC7CF4F1C58FC1300B66BCD /* TwitterApp.xcdatamodeld */,
			);
			path = TwitterApp;
			sourceTree = "<group>";
		};
		CEC7CF5F1C58FC1400B66BCD /* TwitterAppTests */ = {
			isa = PBXGroup;
			children = (
				CEC7CF601C58FC1400B66BCD /* TwitterAppTests.swift */,
				CEC7CF621C58FC1400B66BCD /* Info.plist */,
			);
			path = TwitterAppTests;
			sourceTree = "<group>";
		};
		CEC7CF6A1C58FC1400B66BCD /* TwitterAppUITests */ = {
			isa = PBXGroup;
			children = (
				CEC7CF6B1C58FC1400B66BCD /* TwitterAppUITests.swift */,
				CEC7CF6D1C58FC1400B66BCD /* Info.plist */,
			);
			path = TwitterAppUITests;
			sourceTree = "<group>";
		};
/* End PBXGroup section */

/* Begin PBXNativeTarget section */
		CEC7CF441C58FC1300B66BCD /* TwitterApp */ = {
			isa = PBXNativeTarget;
			buildConfigurationList = CEC7CF701C58FC1400B66BCD /* Build configuration list for PBXNativeTarget "TwitterApp" */;
			buildPhases = (
				11FF118922756D1416623BFE /* Check Pods Manifest.lock */,
				CEC7CF411C58FC1300B66BCD /* Sources */,
				CEC7CF421C58FC1300B66BCD /* Frameworks */,
				CEC7CF431C58FC1300B66BCD /* Resources */,
				0517B35CAFD5AE882C443ECA /* Embed Pods Frameworks */,
				0A770C50104B27D5111D0829 /* Copy Pods Resources */,
			);
			buildRules = (
			);
			dependencies = (
			);
			name = TwitterApp;
			productName = TwitterApp;
			productReference = CEC7CF451C58FC1300B66BCD /* TwitterApp.app */;
			productType = "com.apple.product-type.application";
		};
		CEC7CF5B1C58FC1400B66BCD /* TwitterAppTests */ = {
			isa = PBXNativeTarget;
			buildConfigurationList = CEC7CF731C58FC1400B66BCD /* Build configuration list for PBXNativeTarget "TwitterAppTests" */;
			buildPhases = (
				CEC7CF581C58FC1400B66BCD /* Sources */,
				CEC7CF591C58FC1400B66BCD /* Frameworks */,
				CEC7CF5A1C58FC1400B66BCD /* Resources */,
			);
			buildRules = (
			);
			dependencies = (
				CEC7CF5E1C58FC1400B66BCD /* PBXTargetDependency */,
			);
			name = TwitterAppTests;
			productName = TwitterAppTests;
			productReference = CEC7CF5C1C58FC1400B66BCD /* TwitterAppTests.xctest */;
			productType = "com.apple.product-type.bundle.unit-test";
		};
		CEC7CF661C58FC1400B66BCD /* TwitterAppUITests */ = {
			isa = PBXNativeTarget;
			buildConfigurationList = CEC7CF761C58FC1400B66BCD /* Build configuration list for PBXNativeTarget "TwitterAppUITests" */;
			buildPhases = (
				CEC7CF631C58FC1400B66BCD /* Sources */,
				CEC7CF641C58FC1400B66BCD /* Frameworks */,
				CEC7CF651C58FC1400B66BCD /* Resources */,
			);
			buildRules = (
			);
			dependencies = (
				CEC7CF691C58FC1400B66BCD /* PBXTargetDependency */,
			);
			name = TwitterAppUITests;
			productName = TwitterAppUITests;
			productReference = CEC7CF671C58FC1400B66BCD /* TwitterAppUITests.xctest */;
			productType = "com.apple.product-type.bundle.ui-testing";
		};
/* End PBXNativeTarget section */

/* Begin PBXProject section */
		CEC7CF3D1C58FC1300B66BCD /* Project object */ = {
			isa = PBXProject;
			attributes = {
				LastSwiftUpdateCheck = 0720;
				LastUpgradeCheck = 0720;
				ORGANIZATIONNAME = RWuser;
				TargetAttributes = {
					CEC7CF441C58FC1300B66BCD = {
						CreatedOnToolsVersion = 7.2;
					};
					CEC7CF5B1C58FC1400B66BCD = {
						CreatedOnToolsVersion = 7.2;
						TestTargetID = CEC7CF441C58FC1300B66BCD;
					};
					CEC7CF661C58FC1400B66BCD = {
						CreatedOnToolsVersion = 7.2;
						TestTargetID = CEC7CF441C58FC1300B66BCD;
					};
				};
			};
			buildConfigurationList = CEC7CF401C58FC1300B66BCD /* Build configuration list for PBXProject "TwitterApp" */;
			compatibilityVersion = "Xcode 3.2";
			developmentRegion = English;
			hasScannedForEncodings = 0;
			knownRegions = (
				en,
				Base,
			);
			mainGroup = CEC7CF3C1C58FC1300B66BCD;
			productRefGroup = CEC7CF461C58FC1300B66BCD /* Products */;
			projectDirPath = "";
			projectRoot = "";
			targets = (
				CEC7CF441C58FC1300B66BCD /* TwitterApp */,
				CEC7CF5B1C58FC1400B66BCD /* TwitterAppTests */,
				CEC7CF661C58FC1400B66BCD /* TwitterAppUITests */,
			);
		};
/* End PBXProject section */

/* Begin PBXResourcesBuildPhase section */
		CEC7CF431C58FC1300B66BCD /* Resources */ = {
			isa = PBXResourcesBuildPhase;
			buildActionMask = 2147483647;
			files = (
				CEC7CF561C58FC1300B66BCD /* LaunchScreen.storyboard in Resources */,
				CEC7CF531C58FC1300B66BCD /* Assets.xcassets in Resources */,
				CEC7CF4E1C58FC1300B66BCD /* Main.storyboard in Resources */,
			);
			runOnlyForDeploymentPostprocessing = 0;
		};
		CEC7CF5A1C58FC1400B66BCD /* Resources */ = {
			isa = PBXResourcesBuildPhase;
			buildActionMask = 2147483647;
			files = (
			);
			runOnlyForDeploymentPostprocessing = 0;
		};
		CEC7CF651C58FC1400B66BCD /* Resources */ = {
			isa = PBXResourcesBuildPhase;
			buildActionMask = 2147483647;
			files = (
			);
			runOnlyForDeploymentPostprocessing = 0;
		};
/* End PBXResourcesBuildPhase section */

/* Begin PBXShellScriptBuildPhase section */
		0517B35CAFD5AE882C443ECA /* Embed Pods Frameworks */ = {
			isa = PBXShellScriptBuildPhase;
			buildActionMask = 2147483647;
			files = (
			);
			inputPaths = (
			);
			name = "Embed Pods Frameworks";
			outputPaths = (
			);
			runOnlyForDeploymentPostprocessing = 0;
			shellPath = /bin/sh;
			shellScript = "\"${SRCROOT}/Pods/Target Support Files/Pods-TwitterApp/Pods-TwitterApp-frameworks.sh\"\n";
			showEnvVarsInLog = 0;
		};
		0A770C50104B27D5111D0829 /* Copy Pods Resources */ = {
			isa = PBXShellScriptBuildPhase;
			buildActionMask = 2147483647;
			files = (
			);
			inputPaths = (
			);
			name = "Copy Pods Resources";
			outputPaths = (
			);
			runOnlyForDeploymentPostprocessing = 0;
			shellPath = /bin/sh;
			shellScript = "\"${SRCROOT}/Pods/Target Support Files/Pods-TwitterApp/Pods-TwitterApp-resources.sh\"\n";
			showEnvVarsInLog = 0;
		};
		11FF118922756D1416623BFE /* Check Pods Manifest.lock */ = {
			isa = PBXShellScriptBuildPhase;
			buildActionMask = 2147483647;
			files = (
			);
			inputPaths = (
			);
			name = "Check Pods Manifest.lock";
			outputPaths = (
			);
			runOnlyForDeploymentPostprocessing = 0;
			shellPath = /bin/sh;
			shellScript = "diff \"${PODS_ROOT}/../Podfile.lock\" \"${PODS_ROOT}/Manifest.lock\" > /dev/null\nif [[ $? != 0 ]] ; then\n    cat << EOM\nerror: The sandbox is not in sync with the Podfile.lock. Run 'pod install' or update your CocoaPods installation.\nEOM\n    exit 1\nfi\n";
			showEnvVarsInLog = 0;
		};
/* End PBXShellScriptBuildPhase section */

/* Begin PBXSourcesBuildPhase section */
		CEC7CF411C58FC1300B66BCD /* Sources */ = {
			isa = PBXSourcesBuildPhase;
			buildActionMask = 2147483647;
			files = (
				CEC89C5C1C5A5DAD00B1C986 /* HomeTableViewController.swift in Sources */,
				CE7249D81C5A19AA005AA2E1 /* NetworkService.swift in Sources */,
				CEC89C5A1C5A5BE100B1C986 /* TweetCell.swift in Sources */,
				CE5DDABA1C68E31000A92BAC /* ExtendedEntity+CoreDataProperties.swift in Sources */,
				CE5DDAC21C68E31000A92BAC /* Tweet+CoreDataProperties.swift in Sources */,
				CE5DDABD1C68E31000A92BAC /* User.swift in Sources */,
				CE5DDAC41C68E31000A92BAC /* Media.swift in Sources */,
				CE5DDAC01C68E31000A92BAC /* Entity+CoreDataProperties.swift in Sources */,
				CE5DDAC61C68E31000A92BAC /* Hashtag.swift in Sources */,
				CE5DDAB81C68E31000A92BAC /* Symbol+CoreDataProperties.swift in Sources */,
				CE7850841C5A809C00448E5A /* Tweet.swift in Sources */,
				CE5DDAB91C68E31000A92BAC /* Symbol.swift in Sources */,
				CE50BFE71C5B8689009DE62B /* TwitterParser.swift in Sources */,
				CE5DDAC81C68E31000A92BAC /* Url.swift in Sources */,
				CE5DDABF1C68E31000A92BAC /* UserMention.swift in Sources */,
				CE5DDABC1C68E31000A92BAC /* User+CoreDataProperties.swift in Sources */,
				CEC7CF511C58FC1300B66BCD /* TwitterApp.xcdatamodeld in Sources */,
				CE5DDAC31C68E31000A92BAC /* Media+CoreDataProperties.swift in Sources */,
				CE5DDABE1C68E31000A92BAC /* UserMention+CoreDataProperties.swift in Sources */,
				CE7249BB1C591065005AA2E1 /* LoginService.swift in Sources */,
				CEC7CF4B1C58FC1300B66BCD /* LoginViewController.swift in Sources */,
				CE5DDAC11C68E31000A92BAC /* Entity.swift in Sources */,
				CE5DDAC51C68E31000A92BAC /* Hashtag+CoreDataProperties.swift in Sources */,
				CEC7CF491C58FC1300B66BCD /* AppDelegate.swift in Sources */,
				CE5DDAC71C68E31000A92BAC /* Url+CoreDataProperties.swift in Sources */,
				CEB921A01C61F0D80060E619 /* ReplaceSegue.swift in Sources */,
				CE5DDABB1C68E31000A92BAC /* ExtendedEntity.swift in Sources */,
				36EBC14B22E2B04B641199D8 /* UserParser.swift in Sources */,
				36EBC93E9BD69526E3B2A517 /* EntityParser.swift in Sources */,
				36EBC7E3A4DACC47B2290793 /* Indices.swift in Sources */,
			);
			runOnlyForDeploymentPostprocessing = 0;
		};
		CEC7CF581C58FC1400B66BCD /* Sources */ = {
			isa = PBXSourcesBuildPhase;
			buildActionMask = 2147483647;
			files = (
				CEC7CF611C58FC1400B66BCD /* TwitterAppTests.swift in Sources */,
			);
			runOnlyForDeploymentPostprocessing = 0;
		};
		CEC7CF631C58FC1400B66BCD /* Sources */ = {
			isa = PBXSourcesBuildPhase;
			buildActionMask = 2147483647;
			files = (
				CEC7CF6C1C58FC1400B66BCD /* TwitterAppUITests.swift in Sources */,
			);
			runOnlyForDeploymentPostprocessing = 0;
		};
/* End PBXSourcesBuildPhase section */

/* Begin PBXTargetDependency section */
		CEC7CF5E1C58FC1400B66BCD /* PBXTargetDependency */ = {
			isa = PBXTargetDependency;
			target = CEC7CF441C58FC1300B66BCD /* TwitterApp */;
			targetProxy = CEC7CF5D1C58FC1400B66BCD /* PBXContainerItemProxy */;
		};
		CEC7CF691C58FC1400B66BCD /* PBXTargetDependency */ = {
			isa = PBXTargetDependency;
			target = CEC7CF441C58FC1300B66BCD /* TwitterApp */;
			targetProxy = CEC7CF681C58FC1400B66BCD /* PBXContainerItemProxy */;
		};
/* End PBXTargetDependency section */

/* Begin PBXVariantGroup section */
		CEC7CF4C1C58FC1300B66BCD /* Main.storyboard */ = {
			isa = PBXVariantGroup;
			children = (
				CEC7CF4D1C58FC1300B66BCD /* Base */,
			);
			name = Main.storyboard;
			sourceTree = "<group>";
		};
		CEC7CF541C58FC1300B66BCD /* LaunchScreen.storyboard */ = {
			isa = PBXVariantGroup;
			children = (
				CEC7CF551C58FC1300B66BCD /* Base */,
			);
			name = LaunchScreen.storyboard;
			sourceTree = "<group>";
		};
/* End PBXVariantGroup section */

/* Begin XCBuildConfiguration section */
		CEC7CF6E1C58FC1400B66BCD /* Debug */ = {
			isa = XCBuildConfiguration;
			buildSettings = {
				ALWAYS_SEARCH_USER_PATHS = NO;
				CLANG_CXX_LANGUAGE_STANDARD = "gnu++0x";
				CLANG_CXX_LIBRARY = "libc++";
				CLANG_ENABLE_MODULES = YES;
				CLANG_ENABLE_OBJC_ARC = YES;
				CLANG_WARN_BOOL_CONVERSION = YES;
				CLANG_WARN_CONSTANT_CONVERSION = YES;
				CLANG_WARN_DIRECT_OBJC_ISA_USAGE = YES_ERROR;
				CLANG_WARN_EMPTY_BODY = YES;
				CLANG_WARN_ENUM_CONVERSION = YES;
				CLANG_WARN_INT_CONVERSION = YES;
				CLANG_WARN_OBJC_ROOT_CLASS = YES_ERROR;
				CLANG_WARN_UNREACHABLE_CODE = YES;
				CLANG_WARN__DUPLICATE_METHOD_MATCH = YES;
				"CODE_SIGN_IDENTITY[sdk=iphoneos*]" = "iPhone Developer";
				COPY_PHASE_STRIP = NO;
				DEBUG_INFORMATION_FORMAT = dwarf;
				ENABLE_STRICT_OBJC_MSGSEND = YES;
				ENABLE_TESTABILITY = YES;
				GCC_C_LANGUAGE_STANDARD = gnu99;
				GCC_DYNAMIC_NO_PIC = NO;
				GCC_NO_COMMON_BLOCKS = YES;
				GCC_OPTIMIZATION_LEVEL = 0;
				GCC_PREPROCESSOR_DEFINITIONS = (
					"DEBUG=1",
					"$(inherited)",
				);
				GCC_WARN_64_TO_32_BIT_CONVERSION = YES;
				GCC_WARN_ABOUT_RETURN_TYPE = YES_ERROR;
				GCC_WARN_UNDECLARED_SELECTOR = YES;
				GCC_WARN_UNINITIALIZED_AUTOS = YES_AGGRESSIVE;
				GCC_WARN_UNUSED_FUNCTION = YES;
				GCC_WARN_UNUSED_VARIABLE = YES;
				IPHONEOS_DEPLOYMENT_TARGET = 9.2;
				MTL_ENABLE_DEBUG_INFO = YES;
				ONLY_ACTIVE_ARCH = YES;
				SDKROOT = iphoneos;
				SWIFT_OPTIMIZATION_LEVEL = "-Onone";
				TARGETED_DEVICE_FAMILY = "1,2";
			};
			name = Debug;
		};
		CEC7CF6F1C58FC1400B66BCD /* Release */ = {
			isa = XCBuildConfiguration;
			buildSettings = {
				ALWAYS_SEARCH_USER_PATHS = NO;
				CLANG_CXX_LANGUAGE_STANDARD = "gnu++0x";
				CLANG_CXX_LIBRARY = "libc++";
				CLANG_ENABLE_MODULES = YES;
				CLANG_ENABLE_OBJC_ARC = YES;
				CLANG_WARN_BOOL_CONVERSION = YES;
				CLANG_WARN_CONSTANT_CONVERSION = YES;
				CLANG_WARN_DIRECT_OBJC_ISA_USAGE = YES_ERROR;
				CLANG_WARN_EMPTY_BODY = YES;
				CLANG_WARN_ENUM_CONVERSION = YES;
				CLANG_WARN_INT_CONVERSION = YES;
				CLANG_WARN_OBJC_ROOT_CLASS = YES_ERROR;
				CLANG_WARN_UNREACHABLE_CODE = YES;
				CLANG_WARN__DUPLICATE_METHOD_MATCH = YES;
				"CODE_SIGN_IDENTITY[sdk=iphoneos*]" = "iPhone Developer";
				COPY_PHASE_STRIP = NO;
				DEBUG_INFORMATION_FORMAT = "dwarf-with-dsym";
				ENABLE_NS_ASSERTIONS = NO;
				ENABLE_STRICT_OBJC_MSGSEND = YES;
				GCC_C_LANGUAGE_STANDARD = gnu99;
				GCC_NO_COMMON_BLOCKS = YES;
				GCC_WARN_64_TO_32_BIT_CONVERSION = YES;
				GCC_WARN_ABOUT_RETURN_TYPE = YES_ERROR;
				GCC_WARN_UNDECLARED_SELECTOR = YES;
				GCC_WARN_UNINITIALIZED_AUTOS = YES_AGGRESSIVE;
				GCC_WARN_UNUSED_FUNCTION = YES;
				GCC_WARN_UNUSED_VARIABLE = YES;
				IPHONEOS_DEPLOYMENT_TARGET = 9.2;
				MTL_ENABLE_DEBUG_INFO = NO;
				SDKROOT = iphoneos;
				TARGETED_DEVICE_FAMILY = "1,2";
				VALIDATE_PRODUCT = YES;
			};
			name = Release;
		};
		CEC7CF711C58FC1400B66BCD /* Debug */ = {
			isa = XCBuildConfiguration;
			baseConfigurationReference = B4211BD14001D4B39953986A /* Pods-TwitterApp.debug.xcconfig */;
			buildSettings = {
				ASSETCATALOG_COMPILER_APPICON_NAME = AppIcon;
				INFOPLIST_FILE = TwitterApp/Info.plist;
				LD_RUNPATH_SEARCH_PATHS = "$(inherited) @executable_path/Frameworks";
				PRODUCT_BUNDLE_IDENTIFIER = com.weezlabs.TwitterApp;
				PRODUCT_NAME = "$(TARGET_NAME)";
				SWIFT_OBJC_BRIDGING_HEADER = "";
			};
			name = Debug;
		};
		CEC7CF721C58FC1400B66BCD /* Release */ = {
			isa = XCBuildConfiguration;
			baseConfigurationReference = B5E0169DD325CA36D9058219 /* Pods-TwitterApp.release.xcconfig */;
			buildSettings = {
				ASSETCATALOG_COMPILER_APPICON_NAME = AppIcon;
				INFOPLIST_FILE = TwitterApp/Info.plist;
				LD_RUNPATH_SEARCH_PATHS = "$(inherited) @executable_path/Frameworks";
				PRODUCT_BUNDLE_IDENTIFIER = com.weezlabs.TwitterApp;
				PRODUCT_NAME = "$(TARGET_NAME)";
				SWIFT_OBJC_BRIDGING_HEADER = "";
			};
			name = Release;
		};
		CEC7CF741C58FC1400B66BCD /* Debug */ = {
			isa = XCBuildConfiguration;
			buildSettings = {
				BUNDLE_LOADER = "$(TEST_HOST)";
				INFOPLIST_FILE = TwitterAppTests/Info.plist;
				LD_RUNPATH_SEARCH_PATHS = "$(inherited) @executable_path/Frameworks @loader_path/Frameworks";
				PRODUCT_BUNDLE_IDENTIFIER = com.weezlabs.TwitterAppTests;
				PRODUCT_NAME = "$(TARGET_NAME)";
				TEST_HOST = "$(BUILT_PRODUCTS_DIR)/TwitterApp.app/TwitterApp";
			};
			name = Debug;
		};
		CEC7CF751C58FC1400B66BCD /* Release */ = {
			isa = XCBuildConfiguration;
			buildSettings = {
				BUNDLE_LOADER = "$(TEST_HOST)";
				INFOPLIST_FILE = TwitterAppTests/Info.plist;
				LD_RUNPATH_SEARCH_PATHS = "$(inherited) @executable_path/Frameworks @loader_path/Frameworks";
				PRODUCT_BUNDLE_IDENTIFIER = com.weezlabs.TwitterAppTests;
				PRODUCT_NAME = "$(TARGET_NAME)";
				TEST_HOST = "$(BUILT_PRODUCTS_DIR)/TwitterApp.app/TwitterApp";
			};
			name = Release;
		};
		CEC7CF771C58FC1400B66BCD /* Debug */ = {
			isa = XCBuildConfiguration;
			buildSettings = {
				INFOPLIST_FILE = TwitterAppUITests/Info.plist;
				LD_RUNPATH_SEARCH_PATHS = "$(inherited) @executable_path/Frameworks @loader_path/Frameworks";
				PRODUCT_BUNDLE_IDENTIFIER = com.weezlabs.TwitterAppUITests;
				PRODUCT_NAME = "$(TARGET_NAME)";
				TEST_TARGET_NAME = TwitterApp;
				USES_XCTRUNNER = YES;
			};
			name = Debug;
		};
		CEC7CF781C58FC1400B66BCD /* Release */ = {
			isa = XCBuildConfiguration;
			buildSettings = {
				INFOPLIST_FILE = TwitterAppUITests/Info.plist;
				LD_RUNPATH_SEARCH_PATHS = "$(inherited) @executable_path/Frameworks @loader_path/Frameworks";
				PRODUCT_BUNDLE_IDENTIFIER = com.weezlabs.TwitterAppUITests;
				PRODUCT_NAME = "$(TARGET_NAME)";
				TEST_TARGET_NAME = TwitterApp;
				USES_XCTRUNNER = YES;
			};
			name = Release;
		};
/* End XCBuildConfiguration section */

/* Begin XCConfigurationList section */
		CEC7CF401C58FC1300B66BCD /* Build configuration list for PBXProject "TwitterApp" */ = {
			isa = XCConfigurationList;
			buildConfigurations = (
				CEC7CF6E1C58FC1400B66BCD /* Debug */,
				CEC7CF6F1C58FC1400B66BCD /* Release */,
			);
			defaultConfigurationIsVisible = 0;
			defaultConfigurationName = Release;
		};
		CEC7CF701C58FC1400B66BCD /* Build configuration list for PBXNativeTarget "TwitterApp" */ = {
			isa = XCConfigurationList;
			buildConfigurations = (
				CEC7CF711C58FC1400B66BCD /* Debug */,
				CEC7CF721C58FC1400B66BCD /* Release */,
			);
			defaultConfigurationIsVisible = 0;
			defaultConfigurationName = Release;
		};
		CEC7CF731C58FC1400B66BCD /* Build configuration list for PBXNativeTarget "TwitterAppTests" */ = {
			isa = XCConfigurationList;
			buildConfigurations = (
				CEC7CF741C58FC1400B66BCD /* Debug */,
				CEC7CF751C58FC1400B66BCD /* Release */,
			);
			defaultConfigurationIsVisible = 0;
			defaultConfigurationName = Release;
		};
		CEC7CF761C58FC1400B66BCD /* Build configuration list for PBXNativeTarget "TwitterAppUITests" */ = {
			isa = XCConfigurationList;
			buildConfigurations = (
				CEC7CF771C58FC1400B66BCD /* Debug */,
				CEC7CF781C58FC1400B66BCD /* Release */,
			);
			defaultConfigurationIsVisible = 0;
			defaultConfigurationName = Release;
		};
/* End XCConfigurationList section */

/* Begin XCVersionGroup section */
		CEC7CF4F1C58FC1300B66BCD /* TwitterApp.xcdatamodeld */ = {
			isa = XCVersionGroup;
			children = (
				CEC7CF501C58FC1300B66BCD /* TwitterApp.xcdatamodel */,
			);
			currentVersion = CEC7CF501C58FC1300B66BCD /* TwitterApp.xcdatamodel */;
			path = TwitterApp.xcdatamodeld;
			sourceTree = "<group>";
			versionGroupType = wrapper.xcdatamodel;
		};
/* End XCVersionGroup section */
	};
	rootObject = CEC7CF3D1C58FC1300B66BCD /* Project object */;
}
